// !$*UTF8*$!
{
	archiveVersion = 1;
	classes = {
	};
	objectVersion = 46;
	objects = {

/* Begin PBXBuildFile section */
		04032F431DF811A80060E816 /* main.m in Sources */ = {isa = PBXBuildFile; fileRef = 04032F421DF811A80060E816 /* main.m */; };
		04032F461DF811A80060E816 /* AppDelegate.m in Sources */ = {isa = PBXBuildFile; fileRef = 04032F451DF811A80060E816 /* AppDelegate.m */; };
		04032F491DF811A80060E816 /* ViewController.m in Sources */ = {isa = PBXBuildFile; fileRef = 04032F481DF811A80060E816 /* ViewController.m */; };
		04032F4C1DF811A80060E816 /* Main.storyboard in Resources */ = {isa = PBXBuildFile; fileRef = 04032F4A1DF811A80060E816 /* Main.storyboard */; };
		04032F4E1DF811A80060E816 /* Assets.xcassets in Resources */ = {isa = PBXBuildFile; fileRef = 04032F4D1DF811A80060E816 /* Assets.xcassets */; };
		04032F511DF811A80060E816 /* LaunchScreen.storyboard in Resources */ = {isa = PBXBuildFile; fileRef = 04032F4F1DF811A80060E816 /* LaunchScreen.storyboard */; };
		04032F5A1DF811FA0060E816 /* CCollectionShow.m in Sources */ = {isa = PBXBuildFile; fileRef = 04032F591DF811FA0060E816 /* CCollectionShow.m */; };
/* End PBXBuildFile section */

/* Begin PBXFileReference section */
		04032F3E1DF811A80060E816 /* collectionView.app */ = {isa = PBXFileReference; explicitFileType = wrapper.application; includeInIndex = 0; path = collectionView.app; sourceTree = BUILT_PRODUCTS_DIR; };
		04032F421DF811A80060E816 /* main.m */ = {isa = PBXFileReference; lastKnownFileType = sourcecode.c.objc; path = main.m; sourceTree = "<group>"; };
		04032F441DF811A80060E816 /* AppDelegate.h */ = {isa = PBXFileReference; lastKnownFileType = sourcecode.c.h; path = AppDelegate.h; sourceTree = "<group>"; };
		04032F451DF811A80060E816 /* AppDelegate.m */ = {isa = PBXFileReference; lastKnownFileType = sourcecode.c.objc; path = AppDelegate.m; sourceTree = "<group>"; };
		04032F471DF811A80060E816 /* ViewController.h */ = {isa = PBXFileReference; lastKnownFileType = sourcecode.c.h; path = ViewController.h; sourceTree = "<group>"; };
		04032F481DF811A80060E816 /* ViewController.m */ = {isa = PBXFileReference; lastKnownFileType = sourcecode.c.objc; path = ViewController.m; sourceTree = "<group>"; };
		04032F4B1DF811A80060E816 /* Base */ = {isa = PBXFileReference; lastKnownFileType = file.storyboard; name = Base; path = Base.lproj/Main.storyboard; sourceTree = "<group>"; };
		04032F4D1DF811A80060E816 /* Assets.xcassets */ = {isa = PBXFileReference; lastKnownFileType = folder.assetcatalog; path = Assets.xcassets; sourceTree = "<group>"; };
		04032F501DF811A80060E816 /* Base */ = {isa = PBXFileReference; lastKnownFileType = file.storyboard; name = Base; path = Base.lproj/LaunchScreen.storyboard; sourceTree = "<group>"; };
		04032F521DF811A80060E816 /* Info.plist */ = {isa = PBXFileReference; lastKnownFileType = text.plist.xml; path = Info.plist; sourceTree = "<group>"; };
		04032F581DF811FA0060E816 /* CCollectionShow.h */ = {isa = PBXFileReference; fileEncoding = 4; lastKnownFileType = sourcecode.c.h; path = CCollectionShow.h; sourceTree = "<group>"; };
		04032F591DF811FA0060E816 /* CCollectionShow.m */ = {isa = PBXFileReference; fileEncoding = 4; lastKnownFileType = sourcecode.c.objc; path = CCollectionShow.m; sourceTree = "<group>"; };
/* End PBXFileReference section */

/* Begin PBXFrameworksBuildPhase section */
		04032F3B1DF811A80060E816 /* Frameworks */ = {
			isa = PBXFrameworksBuildPhase;
			buildActionMask = 2147483647;
			files = (
			);
			runOnlyForDeploymentPostprocessing = 0;
		};
/* End PBXFrameworksBuildPhase section */

/* Begin PBXGroup section */
		04032F351DF811A80060E816 = {
			isa = PBXGroup;
			children = (
				04032F401DF811A80060E816 /* collectionView */,
				04032F3F1DF811A80060E816 /* Products */,
			);
			sourceTree = "<group>";
		};
		04032F3F1DF811A80060E816 /* Products */ = {
			isa = PBXGroup;
			children = (
				04032F3E1DF811A80060E816 /* collectionView.app */,
			);
			name = Products;
			sourceTree = "<group>";
		};
		04032F401DF811A80060E816 /* collectionView */ = {
			isa = PBXGroup;
			children = (
				04032F441DF811A80060E816 /* AppDelegate.h */,
				04032F451DF811A80060E816 /* AppDelegate.m */,
				04032F471DF811A80060E816 /* ViewController.h */,
				04032F481DF811A80060E816 /* ViewController.m */,
				04032F581DF811FA0060E816 /* CCollectionShow.h */,
				04032F591DF811FA0060E816 /* CCollectionShow.m */,
				04032F4A1DF811A80060E816 /* Main.storyboard */,
				04032F4D1DF811A80060E816 /* Assets.xcassets */,
				04032F4F1DF811A80060E816 /* LaunchScreen.storyboard */,
				04032F521DF811A80060E816 /* Info.plist */,
				04032F411DF811A80060E816 /* Supporting Files */,
			);
			path = collectionView;
			sourceTree = "<group>";
		};
		04032F411DF811A80060E816 /* Supporting Files */ = {
			isa = PBXGroup;
			children = (
				04032F421DF811A80060E816 /* main.m */,
			);
			name = "Supporting Files";
			sourceTree = "<group>";
		};
/* End PBXGroup section */

/* Begin PBXNativeTarget section */
		04032F3D1DF811A80060E816 /* collectionView */ = {
			isa = PBXNativeTarget;
			buildConfigurationList = 04032F551DF811A80060E816 /* Build configuration list for PBXNativeTarget "collectionView" */;
			buildPhases = (
				04032F3A1DF811A80060E816 /* Sources */,
				04032F3B1DF811A80060E816 /* Frameworks */,
				04032F3C1DF811A80060E816 /* Resources */,
			);
			buildRules = (
			);
			dependencies = (
			);
			name = collectionView;
			productName = collectionView;
			productReference = 04032F3E1DF811A80060E816 /* collectionView.app */;
			productType = "com.apple.product-type.application";
		};
/* End PBXNativeTarget section */

/* Begin PBXProject section */
		04032F361DF811A80060E816 /* Project object */ = {
			isa = PBXProject;
			attributes = {
				LastUpgradeCheck = 0810;
				ORGANIZATIONNAME = CYC;
				TargetAttributes = {
					04032F3D1DF811A80060E816 = {
						CreatedOnToolsVersion = 8.1;
						DevelopmentTeam = WU3DD344F3;
						ProvisioningStyle = Automatic;
					};
				};
			};
			buildConfigurationList = 04032F391DF811A80060E816 /* Build configuration list for PBXProject "collectionView" */;
			compatibilityVersion = "Xcode 3.2";
			developmentRegion = English;
			hasScannedForEncodings = 0;
			knownRegions = (
				en,
				Base,
			);
			mainGroup = 04032F351DF811A80060E816;
			productRefGroup = 04032F3F1DF811A80060E816 /* Products */;
			projectDirPath = "";
			projectRoot = "";
			targets = (
				04032F3D1DF811A80060E816 /* collectionView */,
			);
		};
/* End PBXProject section */

/* Begin PBXResourcesBuildPhase section */
		04032F3C1DF811A80060E816 /* Resources */ = {
			isa = PBXResourcesBuildPhase;
			buildActionMask = 2147483647;
			files = (
				04032F511DF811A80060E816 /* LaunchScreen.storyboard in Resources */,
				04032F4E1DF811A80060E816 /* Assets.xcassets in Resources */,
				04032F4C1DF811A80060E816 /* Main.storyboard in Resources */,
			);
			runOnlyForDeploymentPostprocessing = 0;
		};
/* End PBXResourcesBuildPhase section */

/* Begin PBXSourcesBuildPhase section */
		04032F3A1DF811A80060E816 /* Sources */ = {
			isa = PBXSourcesBuildPhase;
			buildActionMask = 2147483647;
			files = (
				04032F5A1DF811FA0060E816 /* CCollectionShow.m in Sources */,
				04032F491DF811A80060E816 /* ViewController.m in Sources */,
				04032F461DF811A80060E816 /* AppDelegate.m in Sources */,
				04032F431DF811A80060E816 /* main.m in Sources */,
			);
			runOnlyForDeploymentPostprocessing = 0;
		};
/* End PBXSourcesBuildPhase section */

/* Begin PBXVariantGroup section */
		04032F4A1DF811A80060E816 /* Main.storyboard */ = {
			isa = PBXVariantGroup;
			children = (
				04032F4B1DF811A80060E816 /* Base */,
			);
			name = Main.storyboard;
			sourceTree = "<group>";
		};
		04032F4F1DF811A80060E816 /* LaunchScreen.storyboard */ = {
			isa = PBXVariantGroup;
			children = (
				04032F501DF811A80060E816 /* Base */,
			);
			name = LaunchScreen.storyboard;
			sourceTree = "<group>";
		};
/* End PBXVariantGroup section */

/* Begin XCBuildConfiguration section */
		04032F531DF811A80060E816 /* Debug */ = {
			isa = XCBuildConfiguration;
			buildSettings = {
				ALWAYS_SEARCH_USER_PATHS = NO;
				CLANG_ANALYZER_NONNULL = YES;
				CLANG_CXX_LANGUAGE_STANDARD = "gnu++0x";
				CLANG_CXX_LIBRARY = "libc++";
				CLANG_ENABLE_MODULES = YES;
				CLANG_ENABLE_OBJC_ARC = YES;
				CLANG_WARN_BOOL_CONVERSION = YES;
				CLANG_WARN_CONSTANT_CONVERSION = YES;
				CLANG_WARN_DIRECT_OBJC_ISA_USAGE = YES_ERROR;
				CLANG_WARN_DOCUMENTATION_COMMENTS = YES;
				CLANG_WARN_EMPTY_BODY = YES;
				CLANG_WARN_ENUM_CONVERSION = YES;
				CLANG_WARN_INFINITE_RECURSION = YES;
				CLANG_WARN_INT_CONVERSION = YES;
				CLANG_WARN_OBJC_ROOT_CLASS = YES_ERROR;
				CLANG_WARN_SUSPICIOUS_MOVES = YES;
				CLANG_WARN_UNREACHABLE_CODE = YES;
				CLANG_WARN__DUPLICATE_METHOD_MATCH = YES;
				"CODE_SIGN_IDENTITY[sdk=iphoneos*]" = "iPhone Developer";
				COPY_PHASE_STRIP = NO;
				DEBUG_INFORMATION_FORMAT = dwarf;
				ENABLE_STRICT_OBJC_MSGSEND = YES;
				ENABLE_TESTABILITY = YES;
				GCC_C_LANGUAGE_STANDARD = gnu99;
				GCC_DYNAMIC_NO_PIC = NO;
				GCC_NO_COMMON_BLOCKS = YES;
				GCC_OPTIMIZATION_LEVEL = 0;
				GCC_PREPROCESSOR_DEFINITIONS = (
					"DEBUG=1",
					"$(inherited)",
				);
				GCC_WARN_64_TO_32_BIT_CONVERSION = YES;
				GCC_WARN_ABOUT_RETURN_TYPE = YES_ERROR;
				GCC_WARN_UNDECLARED_SELECTOR = YES;
				GCC_WARN_UNINITIALIZED_AUTOS = YES_AGGRESSIVE;
				GCC_WARN_UNUSED_FUNCTION = YES;
				GCC_WARN_UNUSED_VARIABLE = YES;
				IPHONEOS_DEPLOYMENT_TARGET = 10.1;
				MTL_ENABLE_DEBUG_INFO = YES;
				ONLY_ACTIVE_ARCH = YES;
				SDKROOT = iphoneos;
			};
			name = Debug;
		};
		04032F541DF811A80060E816 /* Release */ = {
			isa = XCBuildConfiguration;
			buildSettings = {
				ALWAYS_SEARCH_USER_PATHS = NO;
				CLANG_ANALYZER_NONNULL = YES;
				CLANG_CXX_LANGUAGE_STANDARD = "gnu++0x";
				CLANG_CXX_LIBRARY = "libc++";
				CLANG_ENABLE_MODULES = YES;
				CLANG_ENABLE_OBJC_ARC = YES;
				CLANG_WARN_BOOL_CONVERSION = YES;
				CLANG_WARN_CONSTANT_CONVERSION = YES;
				CLANG_WARN_DIRECT_OBJC_ISA_USAGE = YES_ERROR;
				CLANG_WARN_DOCUMENTATION_COMMENTS = YES;
				CLANG_WARN_EMPTY_BODY = YES;
				CLANG_WARN_ENUM_CONVERSION = YES;
				CLANG_WARN_INFINITE_RECURSION = YES;
				CLANG_WARN_INT_CONVERSION = YES;
				CLANG_WARN_OBJC_ROOT_CLASS = YES_ERROR;
				CLANG_WARN_SUSPICIOUS_MOVES = YES;
				CLANG_WARN_UNREACHABLE_CODE = YES;
				CLANG_WARN__DUPLICATE_METHOD_MATCH = YES;
				"CODE_SIGN_IDENTITY[sdk=iphoneos*]" = "iPhone Developer";
				COPY_PHASE_STRIP = NO;
				DEBUG_INFORMATION_FORMAT = "dwarf-with-dsym";
				ENABLE_NS_ASSERTIONS = NO;
				ENABLE_STRICT_OBJC_MSGSEND = YES;
				GCC_C_LANGUAGE_STANDARD = gnu99;
				GCC_NO_COMMON_BLOCKS = YES;
				GCC_WARN_64_TO_32_BIT_CONVERSION = YES;
				GCC_WARN_ABOUT_RETURN_TYPE = YES_ERROR;
				GCC_WARN_UNDECLARED_SELECTOR = YES;
				GCC_WARN_UNINITIALIZED_AUTOS = YES_AGGRESSIVE;
				GCC_WARN_UNUSED_FUNCTION = YES;
				GCC_WARN_UNUSED_VARIABLE = YES;
				IPHONEOS_DEPLOYMENT_TARGET = 10.1;
				MTL_ENABLE_DEBUG_INFO = NO;
				SDKROOT = iphoneos;
				VALIDATE_PRODUCT = YES;
			};
			name = Release;
		};
		04032F561DF811A80060E816 /* Debug */ = {
			isa = XCBuildConfiguration;
			buildSettings = {
				ASSETCATALOG_COMPILER_APPICON_NAME = AppIcon;
				DEVELOPMENT_TEAM = WU3DD344F3;
				INFOPLIST_FILE = collectionView/Info.plist;
				LD_RUNPATH_SEARCH_PATHS = "$(inherited) @executable_path/Frameworks";
				PRODUCT_BUNDLE_IDENTIFIER = com.CYC.collectionView;
				PRODUCT_NAME = "$(TARGET_NAME)";
			};
			name = Debug;
		};
		04032F571DF811A80060E816 /* Release */ = {
			isa = XCBuildConfiguration;
			buildSettings = {
				ASSETCATALOG_COMPILER_APPICON_NAME = AppIcon;
				DEVELOPMENT_TEAM = WU3DD344F3;
				INFOPLIST_FILE = collectionView/Info.plist;
				LD_RUNPATH_SEARCH_PATHS = "$(inherited) @executable_path/Frameworks";
				PRODUCT_BUNDLE_IDENTIFIER = com.CYC.collectionView;
				PRODUCT_NAME = "$(TARGET_NAME)";
			};
			name = Release;
		};
/* End XCBuildConfiguration section */

/* Begin XCConfigurationList section */
		04032F391DF811A80060E816 /* Build configuration list for PBXProject "collectionView" */ = {
			isa = XCConfigurationList;
			buildConfigurations = (
				04032F531DF811A80060E816 /* Debug */,
				04032F541DF811A80060E816 /* Release */,
			);
			defaultConfigurationIsVisible = 0;
			defaultConfigurationName = Release;
		};
		04032F551DF811A80060E816 /* Build configuration list for PBXNativeTarget "collectionView" */ = {
			isa = XCConfigurationList;
			buildConfigurations = (
				04032F561DF811A80060E816 /* Debug */,
				04032F571DF811A80060E816 /* Release */,
			);
			defaultConfigurationIsVisible = 0;
		};
/* End XCConfigurationList section */
	};
	rootObject = 04032F361DF811A80060E816 /* Project object */;
}
